<?xml version="1.0" encoding="utf-8"?>
<Project ToolsVersion="4.0" xmlns="http://schemas.microsoft.com/developer/msbuild/2003">
  <ItemGroup>
    <Filter Include="SRC">
      <UniqueIdentifier>{5a447657-0c2c-4ca2-a742-f29357f821b0}</UniqueIdentifier>
    </Filter>
    <Filter Include="SRC\Main">
      <UniqueIdentifier>{aa06b80b-66c2-43b1-856e-5cd1209fd93b}</UniqueIdentifier>
    </Filter>
    <Filter Include="SRC\CoreLoop">
      <UniqueIdentifier>{4cc0bbf0-29d6-455b-a18e-a55608c8a1e1}</UniqueIdentifier>
    </Filter>
    <Filter Include="SRC\Explorer">
      <UniqueIdentifier>{56848ad4-6a10-4e08-8fd6-38d0b160c01f}</UniqueIdentifier>
    </Filter>
    <Filter Include="SRC\Obstacles">
      <UniqueIdentifier>{d881a9a0-71a9-4a28-94c0-71a05b50d047}</UniqueIdentifier>
    </Filter>
  </ItemGroup>
  <ItemGroup>
    <ClCompile Include="SRC\Main\Main.cpp">
      <Filter>SRC\Main</Filter>
    </ClCompile>
    <ClCompile Include="SRC\CoreLoop\CoreLoop.cpp">
      <Filter>SRC\CoreLoop</Filter>
    </ClCompile>
    <ClCompile Include="SRC\Explorer\Explorer.cpp">
      <Filter>SRC\Explorer</Filter>
    </ClCompile>
    <ClCompile Include="SRC\Obstacles\Obstacles.cpp">
      <Filter>SRC\Obstacles</Filter>
    </ClCompile>
  </ItemGroup>
  <ItemGroup>
    <ClInclude Include="SRC\CoreLoop\CoreLoop.h">
      <Filter>SRC\CoreLoop</Filter>
    </ClInclude>
    <ClInclude Include="SRC\Explorer\Explorer.h">
      <Filter>SRC\Explorer</Filter>
    </ClInclude>
    <ClInclude Include="SRC\Obstacles\Obstacles.h">
      <Filter>SRC\Obstacles</Filter>
    </ClInclude>
  </ItemGroup>
</Project>