<?xml version="1.0" encoding="utf-8"?>
<Project ToolsVersion="4.0" xmlns="http://schemas.microsoft.com/developer/msbuild/2003">
  <ItemGroup>
    <Filter Include="SRC">
      <UniqueIdentifier>{5a447657-0c2c-4ca2-a742-f29357f821b0}</UniqueIdentifier>
    </Filter>
    <Filter Include="SRC\CoreLoop">
      <UniqueIdentifier>{4cc0bbf0-29d6-455b-a18e-a55608c8a1e1}</UniqueIdentifier>
    </Filter>
    <Filter Include="SRC\Explorer">
      <UniqueIdentifier>{56848ad4-6a10-4e08-8fd6-38d0b160c01f}</UniqueIdentifier>
    </Filter>
    <Filter Include="SRC\Obstacles">
      <UniqueIdentifier>{d881a9a0-71a9-4a28-94c0-71a05b50d047}</UniqueIdentifier>
    </Filter>
    <Filter Include="SRC\MenuLoop">
      <UniqueIdentifier>{7ae0e303-1020-4902-82b2-2a55b5274657}</UniqueIdentifier>
    </Filter>
    <Filter Include="SRC\GameLoop">
      <UniqueIdentifier>{933e4f91-1378-48c2-8828-d25c84ff6636}</UniqueIdentifier>
    </Filter>
    <Filter Include="SRC\Martians">
      <UniqueIdentifier>{1b710f5c-a2d5-46cb-815f-c245ce1675b9}</UniqueIdentifier>
    </Filter>
    <Filter Include="SRC\Explorer\Bullets">
      <UniqueIdentifier>{a771954f-d50b-4970-b4dd-532587e27df5}</UniqueIdentifier>
    </Filter>
    <Filter Include="SRC\CreditsLoop">
      <UniqueIdentifier>{084080eb-c506-421c-8463-fa92db99aeb0}</UniqueIdentifier>
    </Filter>
  </ItemGroup>
  <ItemGroup>
    <ClCompile Include="SRC\CoreLoop\core_loop.cpp">
      <Filter>SRC\CoreLoop</Filter>
    </ClCompile>
    <ClCompile Include="SRC\Explorer\explorer.cpp">
      <Filter>SRC\Explorer</Filter>
    </ClCompile>
    <ClCompile Include="SRC\Obstacles\obstacles.cpp">
      <Filter>SRC\Obstacles</Filter>
    </ClCompile>
    <ClCompile Include="SRC\MenuLoop\menu_loop.cpp">
      <Filter>SRC\MenuLoop</Filter>
    </ClCompile>
    <ClCompile Include="SRC\GameLoop\game_loop.cpp">
      <Filter>SRC\GameLoop</Filter>
    </ClCompile>
    <ClCompile Include="SRC\Martians\ufo.cpp">
      <Filter>SRC\Martians</Filter>
    </ClCompile>
    <ClCompile Include="SRC\Explorer\Bullets\bullets.cpp">
      <Filter>SRC\Explorer\Bullets</Filter>
    </ClCompile>
    <ClCompile Include="SRC\CreditsLoop\credits_loop.cpp">
      <Filter>SRC\CreditsLoop</Filter>
    </ClCompile>
    <ClCompile Include="SRC\main.cpp" />
  </ItemGroup>
  <ItemGroup>
    <ClInclude Include="SRC\CoreLoop\core_loop.h">
      <Filter>SRC\CoreLoop</Filter>
    </ClInclude>
    <ClInclude Include="SRC\Explorer\explorer.h">
      <Filter>SRC\Explorer</Filter>
    </ClInclude>
    <ClInclude Include="SRC\Obstacles\obstacles.h">
      <Filter>SRC\Obstacles</Filter>
    </ClInclude>
    <ClInclude Include="SRC\MenuLoop\menu_loop.h">
      <Filter>SRC\MenuLoop</Filter>
    </ClInclude>
    <ClInclude Include="SRC\GameLoop\game_loop.h">
      <Filter>SRC\GameLoop</Filter>
    </ClInclude>
    <ClInclude Include="SRC\Martians\ufo.h">
      <Filter>SRC\Martians</Filter>
    </ClInclude>
    <ClInclude Include="SRC\Explorer\Bullets\bullets.h">
      <Filter>SRC\Explorer\Bullets</Filter>
    </ClInclude>
    <ClInclude Include="SRC\CreditsLoop\credits_loop.h">
      <Filter>SRC\CreditsLoop</Filter>
    </ClInclude>
  </ItemGroup>
</Project>